
Microsoft Visual Studio Solution File, Format Version 12.00
# Visual Studio Version 16
VisualStudioVersion = 16.0.30804.86
MinimumVisualStudioVersion = 10.0.40219.1
Project("{FAE04EC0-301F-11D3-BF4B-00C04F79EFBC}") = "DAL", "DAL\DAL.csproj", "{488F73B6-F8AD-47A4-990E-2B9ADF5711AE}"
EndProject
Project("{FAE04EC0-301F-11D3-BF4B-00C04F79EFBC}") = "BL", "..\BL\BL.csproj", "{8E41DE52-B7F1-4CC0-8748-37663223B032}"
EndProject
Project("{FAE04EC0-301F-11D3-BF4B-00C04F79EFBC}") = "API", "..\API\API.csproj", "{03B32529-2AE4-4755-8640-174B345563B0}"
EndProject
Global
	GlobalSection(SolutionConfigurationPlatforms) = preSolution
		Debug|Any CPU = Debug|Any CPU
		Release|Any CPU = Release|Any CPU
	EndGlobalSection
	GlobalSection(ProjectConfigurationPlatforms) = postSolution
		{488F73B6-F8AD-47A4-990E-2B9ADF5711AE}.Debug|Any CPU.ActiveCfg = Debug|Any CPU
		{488F73B6-F8AD-47A4-990E-2B9ADF5711AE}.Debug|Any CPU.Build.0 = Debug|Any CPU
		{488F73B6-F8AD-47A4-990E-2B9ADF5711AE}.Release|Any CPU.ActiveCfg = Release|Any CPU
		{488F73B6-F8AD-47A4-990E-2B9ADF5711AE}.Release|Any CPU.Build.0 = Release|Any CPU
		{8E41DE52-B7F1-4CC0-8748-37663223B032}.Debug|Any CPU.ActiveCfg = Debug|Any CPU
		{8E41DE52-B7F1-4CC0-8748-37663223B032}.Debug|Any CPU.Build.0 = Debug|Any CPU
		{8E41DE52-B7F1-4CC0-8748-37663223B032}.Release|Any CPU.ActiveCfg = Release|Any CPU
		{8E41DE52-B7F1-4CC0-8748-37663223B032}.Release|Any CPU.Build.0 = Release|Any CPU
		{03B32529-2AE4-4755-8640-174B345563B0}.Debug|Any CPU.ActiveCfg = Debug|Any CPU
		{03B32529-2AE4-4755-8640-174B345563B0}.Debug|Any CPU.Build.0 = Debug|Any CPU
		{03B32529-2AE4-4755-8640-174B345563B0}.Release|Any CPU.ActiveCfg = Release|Any CPU
		{03B32529-2AE4-4755-8640-174B345563B0}.Release|Any CPU.Build.0 = Release|Any CPU
	EndGlobalSection
	GlobalSection(SolutionProperties) = preSolution
		HideSolutionNode = FALSE
	EndGlobalSection
	GlobalSection(ExtensibilityGlobals) = postSolution
		SolutionGuid = {668FB126-833F-4534-9ABB-0769B74685EE}
	EndGlobalSection
EndGlobal
